
Microsoft Visual Studio Solution File, Format Version 12.00
# Visual Studio Version 17
VisualStudioVersion = 17.5.33516.290
MinimumVisualStudioVersion = 10.0.40219.1
Project("{FAE04EC0-301F-11D3-BF4B-00C04F79EFBC}") = "WebAppNew", "WebAppNew\WebAppNew.csproj", "{61F5D873-F54B-40F8-BA1B-A8A96E3AB22B}"
EndProject
Global
	GlobalSection(SolutionConfigurationPlatforms) = preSolution
		Debug|Any CPU = Debug|Any CPU
		Release|Any CPU = Release|Any CPU
	EndGlobalSection
	GlobalSection(ProjectConfigurationPlatforms) = postSolution
		{61F5D873-F54B-40F8-BA1B-A8A96E3AB22B}.Debug|Any CPU.ActiveCfg = Debug|Any CPU
		{61F5D873-F54B-40F8-BA1B-A8A96E3AB22B}.Debug|Any CPU.Build.0 = Debug|Any CPU
		{61F5D873-F54B-40F8-BA1B-A8A96E3AB22B}.Release|Any CPU.ActiveCfg = Release|Any CPU
		{61F5D873-F54B-40F8-BA1B-A8A96E3AB22B}.Release|Any CPU.Build.0 = Release|Any CPU
	EndGlobalSection
	GlobalSection(SolutionProperties) = preSolution
		HideSolutionNode = FALSE
	EndGlobalSection
	GlobalSection(ExtensibilityGlobals) = postSolution
		SolutionGuid = {52E26B06-D42A-482F-B57D-93748581F4BF}
	EndGlobalSection
EndGlobal
